
Microsoft Visual Studio Solution File, Format Version 12.00
# Visual Studio 15
VisualStudioVersion = 15.0.27703.2035
MinimumVisualStudioVersion = 10.0.40219.1
Project("{FAE04EC0-301F-11D3-BF4B-00C04F79EFBC}") = "OdeToFoodVisualStudio", "OdeToFoodVisualStudio\OdeToFoodVisualStudio.csproj", "{4F4A0317-B875-4C01-BF86-03CD0C50ADE5}"
EndProject
Global
	GlobalSection(SolutionConfigurationPlatforms) = preSolution
		Debug|Any CPU = Debug|Any CPU
		Release|Any CPU = Release|Any CPU
	EndGlobalSection
	GlobalSection(ProjectConfigurationPlatforms) = postSolution
		{4F4A0317-B875-4C01-BF86-03CD0C50ADE5}.Debug|Any CPU.ActiveCfg = Debug|Any CPU
		{4F4A0317-B875-4C01-BF86-03CD0C50ADE5}.Debug|Any CPU.Build.0 = Debug|Any CPU
		{4F4A0317-B875-4C01-BF86-03CD0C50ADE5}.Release|Any CPU.ActiveCfg = Release|Any CPU
		{4F4A0317-B875-4C01-BF86-03CD0C50ADE5}.Release|Any CPU.Build.0 = Release|Any CPU
	EndGlobalSection
	GlobalSection(SolutionProperties) = preSolution
		HideSolutionNode = FALSE
	EndGlobalSection
	GlobalSection(ExtensibilityGlobals) = postSolution
		SolutionGuid = {80C422F9-E0BD-42BA-A7A5-543E9543B10A}
	EndGlobalSection
EndGlobal
